{
  "definition": "./",
  "optionals": [],
  "private": {
    "libraries": [ {
      "definition": "../",
      "hash": "985f0b2436d65709554cf281c7eabc8dde8fb21b",
      "name": "Zefiros-Software/bgfx",
      "public": {
        "libraries": [ {
          "definition": "https://github.com/Zefiros-Software/bx.git",
          "hash": "c57e759edb99a26e4b3e0ecccc53114aae2bff31",
          "name": "Zefiros-Software/bx",
          "repository": "https://github.com/bkaradzic/bx.git",
          "tag": "HEAD",
          "versionRequirement": "@head"
        }, {
          "definition": "https://github.com/Zefiros-Software/bimg.git",
          "hash": "717647940e19f9e8094cb969abb8eac4f7c1e014",
          "name": "Zefiros-Software/bimg",
          "public": {
            "libraries": [ {
              "definition": "https://github.com/Zefiros-Software/bx.git",
              "hash": "c57e759edb99a26e4b3e0ecccc53114aae2bff31",
              "name": "Zefiros-Software/bx",
              "repository": "https://github.com/bkaradzic/bx.git",
              "tag": "HEAD",
              "versionRequirement": "@head"
            } ]
          },
          "repository": "https://github.com/bkaradzic/bimg.git",
          "tag": "HEAD",
          "versionRequirement": "@head"
        } ]
      },
      "repository": "https://github.com/bkaradzic/bgfx.git",
      "tag": "HEAD",
      "versionRequirement": "@head"
    } ],
    "modules": [ {
      "definition": "https://github.com/Zefiros-Software/ZefirosDefaults.git",
      "hash": "9ec8e43e7ca1d9eab61e4514a8741234c2b8232f",
      "name": "Zefiros-Software/Defaults",
      "public": {
        "libraries": [ {
          "definition": "https://github.com/Zefiros-Software/GoogleTest.git",
          "hash": "6c73adfc03e277f55cb1e4947b3a5e6c5ff4fe46",
          "name": "Zefiros-Software/GoogleTest",
          "repository": "https://github.com/google/googletest.git",
          "tag": "HEAD",
          "versionRequirement": "@head || ^1.0.0"
        }, {
          "definition": "https://github.com/Zefiros-Software/GoogleBenchmark.git",
          "hash": "47df49e5731fd795043bd40c0285ba44ab3e2dbb",
          "name": "Zefiros-Software/GoogleBenchmark",
          "repository": "https://github.com/google/benchmark.git",
          "tag": "HEAD",
          "versionRequirement": "@head"
        } ]
      },
      "repository": "https://github.com/Zefiros-Software/ZefirosDefaults.git",
      "tag": "HEAD",
      "versionRequirement": "@head"
    } ]
  },
  "repository": "./"
}